
Microsoft Visual Studio Solution File, Format Version 12.00
Project("{FAE04EC0-301F-11D3-BF4B-00C04F79EFBC}") = "Machine_bonbon", "Machine_bonbon.csproj", "{4052FEB5-E44D-415B-92CE-7E719BB23718}"
EndProject
Global
	GlobalSection(SolutionConfigurationPlatforms) = preSolution
		Debug|Any CPU = Debug|Any CPU
		Release|Any CPU = Release|Any CPU
	EndGlobalSection
	GlobalSection(ProjectConfigurationPlatforms) = postSolution
		{4052FEB5-E44D-415B-92CE-7E719BB23718}.Debug|Any CPU.ActiveCfg = Debug|Any CPU
		{4052FEB5-E44D-415B-92CE-7E719BB23718}.Debug|Any CPU.Build.0 = Debug|Any CPU
		{4052FEB5-E44D-415B-92CE-7E719BB23718}.Release|Any CPU.ActiveCfg = Release|Any CPU
		{4052FEB5-E44D-415B-92CE-7E719BB23718}.Release|Any CPU.Build.0 = Release|Any CPU
	EndGlobalSection
EndGlobal
