
Microsoft Visual Studio Solution File, Format Version 12.00
Project("{FAE04EC0-301F-11D3-BF4B-00C04F79EFBC}") = "ConsoleApp1", "ConsoleApp1\ConsoleApp1.csproj", "{C2467E0E-7079-48C1-B2C5-925E9E591A74}"
EndProject
Project("{FAE04EC0-301F-11D3-BF4B-00C04F79EFBC}") = "ShapesV1", "ShapesV1\ShapesV1.csproj", "{C1ADCA3F-2E80-4FA4-A6F2-1C755CFB03A1}"
EndProject
Global
	GlobalSection(SolutionConfigurationPlatforms) = preSolution
		Debug|Any CPU = Debug|Any CPU
		Release|Any CPU = Release|Any CPU
	EndGlobalSection
	GlobalSection(ProjectConfigurationPlatforms) = postSolution
		{C2467E0E-7079-48C1-B2C5-925E9E591A74}.Debug|Any CPU.ActiveCfg = Debug|Any CPU
		{C2467E0E-7079-48C1-B2C5-925E9E591A74}.Debug|Any CPU.Build.0 = Debug|Any CPU
		{C2467E0E-7079-48C1-B2C5-925E9E591A74}.Release|Any CPU.ActiveCfg = Release|Any CPU
		{C2467E0E-7079-48C1-B2C5-925E9E591A74}.Release|Any CPU.Build.0 = Release|Any CPU
		{C1ADCA3F-2E80-4FA4-A6F2-1C755CFB03A1}.Debug|Any CPU.ActiveCfg = Debug|Any CPU
		{C1ADCA3F-2E80-4FA4-A6F2-1C755CFB03A1}.Debug|Any CPU.Build.0 = Debug|Any CPU
		{C1ADCA3F-2E80-4FA4-A6F2-1C755CFB03A1}.Release|Any CPU.ActiveCfg = Release|Any CPU
		{C1ADCA3F-2E80-4FA4-A6F2-1C755CFB03A1}.Release|Any CPU.Build.0 = Release|Any CPU
	EndGlobalSection
EndGlobal
