
Microsoft Visual Studio Solution File, Format Version 12.00
Project("{FAE04EC0-301F-11D3-BF4B-00C04F79EFBC}") = "Exercice_3.0", "Exercice_3.0\Exercice_3.0.csproj", "{4CBF197D-B326-4C7A-81EE-593010BF5F27}"
EndProject
Project("{FAE04EC0-301F-11D3-BF4B-00C04F79EFBC}") = "Dice", "Dice\Dice.csproj", "{F08DCE83-624F-49A3-9014-68A002264D74}"
EndProject
Global
	GlobalSection(SolutionConfigurationPlatforms) = preSolution
		Debug|Any CPU = Debug|Any CPU
		Release|Any CPU = Release|Any CPU
	EndGlobalSection
	GlobalSection(ProjectConfigurationPlatforms) = postSolution
		{4CBF197D-B326-4C7A-81EE-593010BF5F27}.Debug|Any CPU.ActiveCfg = Debug|Any CPU
		{4CBF197D-B326-4C7A-81EE-593010BF5F27}.Debug|Any CPU.Build.0 = Debug|Any CPU
		{4CBF197D-B326-4C7A-81EE-593010BF5F27}.Release|Any CPU.ActiveCfg = Release|Any CPU
		{4CBF197D-B326-4C7A-81EE-593010BF5F27}.Release|Any CPU.Build.0 = Release|Any CPU
		{F08DCE83-624F-49A3-9014-68A002264D74}.Debug|Any CPU.ActiveCfg = Debug|Any CPU
		{F08DCE83-624F-49A3-9014-68A002264D74}.Debug|Any CPU.Build.0 = Debug|Any CPU
		{F08DCE83-624F-49A3-9014-68A002264D74}.Release|Any CPU.ActiveCfg = Release|Any CPU
		{F08DCE83-624F-49A3-9014-68A002264D74}.Release|Any CPU.Build.0 = Release|Any CPU
	EndGlobalSection
EndGlobal
