
Microsoft Visual Studio Solution File, Format Version 12.00
Project("{FAE04EC0-301F-11D3-BF4B-00C04F79EFBC}") = "ProgObjet", "ProgObjet\ProgObjet.csproj", "{90D9427D-D4BB-4711-B619-D1AF67F5332F}"
EndProject
Project("{FAE04EC0-301F-11D3-BF4B-00C04F79EFBC}") = "ShapesV1", "ShapesV1\ShapesV1.csproj", "{4523145B-984F-4C15-9409-568DC55793DB}"
EndProject
Project("{FAE04EC0-301F-11D3-BF4B-00C04F79EFBC}") = "WriteImage", "WriteImage\WriteImage.csproj", "{6A672958-5665-4684-B040-3A9EFC43A9E8}"
EndProject
Project("{FAE04EC0-301F-11D3-BF4B-00C04F79EFBC}") = "DrawShapes", "DrawShapes\DrawShapes.csproj", "{2B9FFC21-A019-440C-8F92-29D24C4FDCE3}"
EndProject
Project("{FAE04EC0-301F-11D3-BF4B-00C04F79EFBC}") = "ShapesV2", "ShapesV2\ShapesV2.csproj", "{32441912-BCAD-44D9-972F-8D6FF990B6B1}"
EndProject
Project("{FAE04EC0-301F-11D3-BF4B-00C04F79EFBC}") = "DrawShapesV2", "DrawShapesV2\DrawShapesV2.csproj", "{4E524AD9-9AD2-4E4E-A1B4-8416C7BBFCB8}"
EndProject
Project("{FAE04EC0-301F-11D3-BF4B-00C04F79EFBC}") = "PersonLib", "PersonLib\PersonLib.csproj", "{EA36094D-6C76-4EAC-9D6C-7B696BBFC9EF}"
EndProject
Project("{FAE04EC0-301F-11D3-BF4B-00C04F79EFBC}") = "PersonProgram", "PersonProgram\PersonProgram.csproj", "{975D1728-0BD9-4501-8964-5189B230BC4C}"
EndProject
Project("{FAE04EC0-301F-11D3-BF4B-00C04F79EFBC}") = "TicTacToeLib", "TicTacToeLib\TicTacToeLib.csproj", "{89505D16-FD89-4DC4-869E-C6D81FE6DC6D}"
EndProject
Project("{FAE04EC0-301F-11D3-BF4B-00C04F79EFBC}") = "TicTacToeApp", "TicTacToeApp\TicTacToeApp.csproj", "{692A0556-42EF-4FB0-A98B-6FF74E1C379E}"
EndProject
Project("{FAE04EC0-301F-11D3-BF4B-00C04F79EFBC}") = "ShapesV3", "ShapesV3\ShapesV3.csproj", "{662AF5F3-5C8D-4641-BCB7-6B837115A585}"
EndProject
Project("{FAE04EC0-301F-11D3-BF4B-00C04F79EFBC}") = "DrawShapesV3", "DrawShapesV3\DrawShapesV3.csproj", "{998D0989-48D7-4BBE-8C91-7DF133387906}"
EndProject
Project("{FAE04EC0-301F-11D3-BF4B-00C04F79EFBC}") = "DataRepoLib", "DataRepoLib\DataRepoLib.csproj", "{1E94BE93-C6D4-4D12-ADA0-C50522A28A54}"
EndProject
Project("{FAE04EC0-301F-11D3-BF4B-00C04F79EFBC}") = "PlayListApp", "PlayListApp\PlayListApp.csproj", "{4DE360DE-56BD-49F6-94C3-3F864730BC9A}"
EndProject
Global
	GlobalSection(SolutionConfigurationPlatforms) = preSolution
		Debug|Any CPU = Debug|Any CPU
		Release|Any CPU = Release|Any CPU
	EndGlobalSection
	GlobalSection(ProjectConfigurationPlatforms) = postSolution
		{90D9427D-D4BB-4711-B619-D1AF67F5332F}.Debug|Any CPU.ActiveCfg = Debug|Any CPU
		{90D9427D-D4BB-4711-B619-D1AF67F5332F}.Debug|Any CPU.Build.0 = Debug|Any CPU
		{90D9427D-D4BB-4711-B619-D1AF67F5332F}.Release|Any CPU.ActiveCfg = Release|Any CPU
		{90D9427D-D4BB-4711-B619-D1AF67F5332F}.Release|Any CPU.Build.0 = Release|Any CPU
		{4523145B-984F-4C15-9409-568DC55793DB}.Debug|Any CPU.ActiveCfg = Debug|Any CPU
		{4523145B-984F-4C15-9409-568DC55793DB}.Debug|Any CPU.Build.0 = Debug|Any CPU
		{4523145B-984F-4C15-9409-568DC55793DB}.Release|Any CPU.ActiveCfg = Release|Any CPU
		{4523145B-984F-4C15-9409-568DC55793DB}.Release|Any CPU.Build.0 = Release|Any CPU
		{6A672958-5665-4684-B040-3A9EFC43A9E8}.Debug|Any CPU.ActiveCfg = Debug|Any CPU
		{6A672958-5665-4684-B040-3A9EFC43A9E8}.Debug|Any CPU.Build.0 = Debug|Any CPU
		{6A672958-5665-4684-B040-3A9EFC43A9E8}.Release|Any CPU.ActiveCfg = Release|Any CPU
		{6A672958-5665-4684-B040-3A9EFC43A9E8}.Release|Any CPU.Build.0 = Release|Any CPU
		{2B9FFC21-A019-440C-8F92-29D24C4FDCE3}.Debug|Any CPU.ActiveCfg = Debug|Any CPU
		{2B9FFC21-A019-440C-8F92-29D24C4FDCE3}.Debug|Any CPU.Build.0 = Debug|Any CPU
		{2B9FFC21-A019-440C-8F92-29D24C4FDCE3}.Release|Any CPU.ActiveCfg = Release|Any CPU
		{2B9FFC21-A019-440C-8F92-29D24C4FDCE3}.Release|Any CPU.Build.0 = Release|Any CPU
		{32441912-BCAD-44D9-972F-8D6FF990B6B1}.Debug|Any CPU.ActiveCfg = Debug|Any CPU
		{32441912-BCAD-44D9-972F-8D6FF990B6B1}.Debug|Any CPU.Build.0 = Debug|Any CPU
		{32441912-BCAD-44D9-972F-8D6FF990B6B1}.Release|Any CPU.ActiveCfg = Release|Any CPU
		{32441912-BCAD-44D9-972F-8D6FF990B6B1}.Release|Any CPU.Build.0 = Release|Any CPU
		{4E524AD9-9AD2-4E4E-A1B4-8416C7BBFCB8}.Debug|Any CPU.ActiveCfg = Debug|Any CPU
		{4E524AD9-9AD2-4E4E-A1B4-8416C7BBFCB8}.Debug|Any CPU.Build.0 = Debug|Any CPU
		{4E524AD9-9AD2-4E4E-A1B4-8416C7BBFCB8}.Release|Any CPU.ActiveCfg = Release|Any CPU
		{4E524AD9-9AD2-4E4E-A1B4-8416C7BBFCB8}.Release|Any CPU.Build.0 = Release|Any CPU
		{EA36094D-6C76-4EAC-9D6C-7B696BBFC9EF}.Debug|Any CPU.ActiveCfg = Debug|Any CPU
		{EA36094D-6C76-4EAC-9D6C-7B696BBFC9EF}.Debug|Any CPU.Build.0 = Debug|Any CPU
		{EA36094D-6C76-4EAC-9D6C-7B696BBFC9EF}.Release|Any CPU.ActiveCfg = Release|Any CPU
		{EA36094D-6C76-4EAC-9D6C-7B696BBFC9EF}.Release|Any CPU.Build.0 = Release|Any CPU
		{975D1728-0BD9-4501-8964-5189B230BC4C}.Debug|Any CPU.ActiveCfg = Debug|Any CPU
		{975D1728-0BD9-4501-8964-5189B230BC4C}.Debug|Any CPU.Build.0 = Debug|Any CPU
		{975D1728-0BD9-4501-8964-5189B230BC4C}.Release|Any CPU.ActiveCfg = Release|Any CPU
		{975D1728-0BD9-4501-8964-5189B230BC4C}.Release|Any CPU.Build.0 = Release|Any CPU
		{89505D16-FD89-4DC4-869E-C6D81FE6DC6D}.Debug|Any CPU.ActiveCfg = Debug|Any CPU
		{89505D16-FD89-4DC4-869E-C6D81FE6DC6D}.Debug|Any CPU.Build.0 = Debug|Any CPU
		{89505D16-FD89-4DC4-869E-C6D81FE6DC6D}.Release|Any CPU.ActiveCfg = Release|Any CPU
		{89505D16-FD89-4DC4-869E-C6D81FE6DC6D}.Release|Any CPU.Build.0 = Release|Any CPU
		{692A0556-42EF-4FB0-A98B-6FF74E1C379E}.Debug|Any CPU.ActiveCfg = Debug|Any CPU
		{692A0556-42EF-4FB0-A98B-6FF74E1C379E}.Debug|Any CPU.Build.0 = Debug|Any CPU
		{692A0556-42EF-4FB0-A98B-6FF74E1C379E}.Release|Any CPU.ActiveCfg = Release|Any CPU
		{692A0556-42EF-4FB0-A98B-6FF74E1C379E}.Release|Any CPU.Build.0 = Release|Any CPU
		{662AF5F3-5C8D-4641-BCB7-6B837115A585}.Debug|Any CPU.ActiveCfg = Debug|Any CPU
		{662AF5F3-5C8D-4641-BCB7-6B837115A585}.Debug|Any CPU.Build.0 = Debug|Any CPU
		{662AF5F3-5C8D-4641-BCB7-6B837115A585}.Release|Any CPU.ActiveCfg = Release|Any CPU
		{662AF5F3-5C8D-4641-BCB7-6B837115A585}.Release|Any CPU.Build.0 = Release|Any CPU
		{998D0989-48D7-4BBE-8C91-7DF133387906}.Debug|Any CPU.ActiveCfg = Debug|Any CPU
		{998D0989-48D7-4BBE-8C91-7DF133387906}.Debug|Any CPU.Build.0 = Debug|Any CPU
		{998D0989-48D7-4BBE-8C91-7DF133387906}.Release|Any CPU.ActiveCfg = Release|Any CPU
		{998D0989-48D7-4BBE-8C91-7DF133387906}.Release|Any CPU.Build.0 = Release|Any CPU
		{1E94BE93-C6D4-4D12-ADA0-C50522A28A54}.Debug|Any CPU.ActiveCfg = Debug|Any CPU
		{1E94BE93-C6D4-4D12-ADA0-C50522A28A54}.Debug|Any CPU.Build.0 = Debug|Any CPU
		{1E94BE93-C6D4-4D12-ADA0-C50522A28A54}.Release|Any CPU.ActiveCfg = Release|Any CPU
		{1E94BE93-C6D4-4D12-ADA0-C50522A28A54}.Release|Any CPU.Build.0 = Release|Any CPU
		{4DE360DE-56BD-49F6-94C3-3F864730BC9A}.Debug|Any CPU.ActiveCfg = Debug|Any CPU
		{4DE360DE-56BD-49F6-94C3-3F864730BC9A}.Debug|Any CPU.Build.0 = Debug|Any CPU
		{4DE360DE-56BD-49F6-94C3-3F864730BC9A}.Release|Any CPU.ActiveCfg = Release|Any CPU
		{4DE360DE-56BD-49F6-94C3-3F864730BC9A}.Release|Any CPU.Build.0 = Release|Any CPU
	EndGlobalSection
EndGlobal
