
Microsoft Visual Studio Solution File, Format Version 12.00
Project("{FAE04EC0-301F-11D3-BF4B-00C04F79EFBC}") = "Examen2_2210370", "Examen2_2210370\Examen2_2210370.csproj", "{F58D3393-EA75-4A57-A272-A44515249286}"
EndProject
Global
	GlobalSection(SolutionConfigurationPlatforms) = preSolution
		Debug|Any CPU = Debug|Any CPU
		Release|Any CPU = Release|Any CPU
	EndGlobalSection
	GlobalSection(ProjectConfigurationPlatforms) = postSolution
		{F58D3393-EA75-4A57-A272-A44515249286}.Debug|Any CPU.ActiveCfg = Debug|Any CPU
		{F58D3393-EA75-4A57-A272-A44515249286}.Debug|Any CPU.Build.0 = Debug|Any CPU
		{F58D3393-EA75-4A57-A272-A44515249286}.Release|Any CPU.ActiveCfg = Release|Any CPU
		{F58D3393-EA75-4A57-A272-A44515249286}.Release|Any CPU.Build.0 = Release|Any CPU
	EndGlobalSection
EndGlobal
